{
  "version": 4,
  "terraform_version": "1.6.3",
  "serial": 11,
  "lineage": "90cf5df3-796b-f9c2-bc8f-e2703c7561f9",
  "outputs": {
    "resource_group_dk-gp": {
      "value": {
        "id": "/subscriptions/686427d7-6e45-4ada-ba0a-ad476aa81679/resourceGroups/datarisk-group",
        "location": "eastus2",
        "managed_by": "",
        "name": "datarisk-group",
        "tags": {},
        "timeouts": null
      },
      "type": [
        "object",
        {
          "id": "string",
          "location": "string",
          "managed_by": "string",
          "name": "string",
          "tags": [
            "map",
            "string"
          ],
          "timeouts": [
            "object",
            {
              "create": "string",
              "delete": "string",
              "read": "string",
              "update": "string"
            }
          ]
        }
      ]
    }
  },
  "resources": [
    {
      "mode": "managed",
      "type": "azurerm_linux_virtual_machine",
      "name": "vm01",
      "provider": "provider[\"registry.terraform.io/hashicorp/azurerm\"]",
      "instances": [
        {
          "schema_version": 0,
          "attributes": {
            "additional_capabilities": [],
            "admin_password": null,
            "admin_ssh_key": [
              {
                "public_key": "ssh-rsa AAAAB3NzaC1yc2EAAAADAQABAAABAQCgvwNKeOmOaDfCQCNaEXgb9DaskLhnqJ7ytk0zjWeRf0LLiswpT/gQQ8c9W2rWd6En0kgtTSS/Br+EAPN8qLgaP+OtMvjBUFXtj0H5VcHrmVToO+ec8aTlYt3VizlNMF1Paqeh4naNT2OWxewtSQPkKztKUVMsJwMz8ImDegQSAZSmeAFxaS/kp51KjkH/v+czyrXUjgrrp160ZLh3TRFDybz7ik/h+qBEhPa3Z/IctTNzQLK2mkEGrXld7KsPxY7huSqbhcPMd2mgGkTDKcl4OoY3PzasrODsJXbvBOmayW2WtXsD4faC0OqyR1SQCiYb8FYxX/6oXaeAxRk/DcBN datarisk-admin\n",
                "username": "datarisk-admin"
              }
            ],
            "admin_username": "datarisk-admin",
            "allow_extension_operations": true,
            "availability_set_id": "",
            "boot_diagnostics": [],
            "bypass_platform_safety_checks_on_user_schedule_enabled": false,
            "capacity_reservation_group_id": "",
            "computer_name": "vm-linux01",
            "custom_data": null,
            "dedicated_host_group_id": "",
            "dedicated_host_id": "",
            "disable_password_authentication": true,
            "edge_zone": "",
            "encryption_at_host_enabled": false,
            "eviction_policy": "",
            "extensions_time_budget": "PT1H30M",
            "gallery_application": [],
            "id": "/subscriptions/686427d7-6e45-4ada-ba0a-ad476aa81679/resourceGroups/datarisk-group/providers/Microsoft.Compute/virtualMachines/vm-linux01",
            "identity": [],
            "license_type": "",
            "location": "eastus2",
            "max_bid_price": -1,
            "name": "vm-linux01",
            "network_interface_ids": [
              "/subscriptions/686427d7-6e45-4ada-ba0a-ad476aa81679/resourceGroups/datarisk-group/providers/Microsoft.Network/networkInterfaces/nic-vm-linux01"
            ],
            "os_disk": [
              {
                "caching": "ReadWrite",
                "diff_disk_settings": [],
                "disk_encryption_set_id": "",
                "disk_size_gb": 30,
                "name": "vm-linux01_disk1_148edf8dec944c29a58c9be6ba8ec99b",
                "secure_vm_disk_encryption_set_id": "",
                "security_encryption_type": "",
                "storage_account_type": "Standard_LRS",
                "write_accelerator_enabled": false
              }
            ],
            "patch_assessment_mode": "ImageDefault",
            "patch_mode": "ImageDefault",
            "plan": [],
            "platform_fault_domain": -1,
            "priority": "Regular",
            "private_ip_address": "10.0.1.4",
            "private_ip_addresses": [
              "10.0.1.4"
            ],
            "provision_vm_agent": true,
            "proximity_placement_group_id": "",
            "public_ip_address": "20.65.97.149",
            "public_ip_addresses": [
              "20.65.97.149"
            ],
            "reboot_setting": "",
            "resource_group_name": "datarisk-group",
            "secret": [],
            "secure_boot_enabled": false,
            "size": "Standard_B2ms",
            "source_image_id": "",
            "source_image_reference": [
              {
                "offer": "0001-com-ubuntu-server-focal",
                "publisher": "Canonical",
                "sku": "20_04-lts",
                "version": "latest"
              }
            ],
            "tags": {},
            "termination_notification": [],
            "timeouts": null,
            "user_data": "",
            "virtual_machine_id": "fbf25317-032e-4a52-a65d-77a5d15f11be",
            "virtual_machine_scale_set_id": "",
            "vtpm_enabled": false,
            "zone": ""
          },
          "sensitive_attributes": [],
          "private": "eyJlMmJmYjczMC1lY2FhLTExZTYtOGY4OC0zNDM2M2JjN2M0YzAiOnsiY3JlYXRlIjoyNzAwMDAwMDAwMDAwLCJkZWxldGUiOjI3MDAwMDAwMDAwMDAsInJlYWQiOjMwMDAwMDAwMDAwMCwidXBkYXRlIjoyNzAwMDAwMDAwMDAwfX0=",
          "dependencies": [
            "azurerm_network_interface.vnic01",
            "azurerm_public_ip.puip01",
            "azurerm_resource_group.dkgp",
            "azurerm_subnet.sub01",
            "azurerm_virtual_network.vnet01"
          ]
        }
      ]
    },
    {
      "mode": "managed",
      "type": "azurerm_network_interface",
      "name": "vnic01",
      "provider": "provider[\"registry.terraform.io/hashicorp/azurerm\"]",
      "instances": [
        {
          "schema_version": 0,
          "attributes": {
            "applied_dns_servers": [],
            "auxiliary_mode": "",
            "auxiliary_sku": "",
            "dns_servers": [],
            "edge_zone": "",
            "enable_accelerated_networking": false,
            "enable_ip_forwarding": false,
            "id": "/subscriptions/686427d7-6e45-4ada-ba0a-ad476aa81679/resourceGroups/datarisk-group/providers/Microsoft.Network/networkInterfaces/nic-vm-linux01",
            "internal_dns_name_label": "",
            "internal_domain_name_suffix": "j0z0w4zcrt3exog3d0bzknx0hf.cx.internal.cloudapp.net",
            "ip_configuration": [
              {
                "gateway_load_balancer_frontend_ip_configuration_id": "",
                "name": "internal",
                "primary": true,
                "private_ip_address": "10.0.1.4",
                "private_ip_address_allocation": "Dynamic",
                "private_ip_address_version": "IPv4",
                "public_ip_address_id": "/subscriptions/686427d7-6e45-4ada-ba0a-ad476aa81679/resourceGroups/datarisk-group/providers/Microsoft.Network/publicIPAddresses/ip-vm-linux01",
                "subnet_id": "/subscriptions/686427d7-6e45-4ada-ba0a-ad476aa81679/resourceGroups/datarisk-group/providers/Microsoft.Network/virtualNetworks/vnet-01/subnets/sub-01"
              }
            ],
            "location": "eastus2",
            "mac_address": "00-0D-3A-E2-48-58",
            "name": "nic-vm-linux01",
            "private_ip_address": "10.0.1.4",
            "private_ip_addresses": [
              "10.0.1.4"
            ],
            "resource_group_name": "datarisk-group",
            "tags": {},
            "timeouts": null,
            "virtual_machine_id": "/subscriptions/686427d7-6e45-4ada-ba0a-ad476aa81679/resourceGroups/datarisk-group/providers/Microsoft.Compute/virtualMachines/vm-linux01"
          },
          "sensitive_attributes": [],
          "private": "eyJlMmJmYjczMC1lY2FhLTExZTYtOGY4OC0zNDM2M2JjN2M0YzAiOnsiY3JlYXRlIjoxODAwMDAwMDAwMDAwLCJkZWxldGUiOjE4MDAwMDAwMDAwMDAsInJlYWQiOjMwMDAwMDAwMDAwMCwidXBkYXRlIjoxODAwMDAwMDAwMDAwfX0=",
          "dependencies": [
            "azurerm_public_ip.puip01",
            "azurerm_resource_group.dkgp",
            "azurerm_subnet.sub01",
            "azurerm_virtual_network.vnet01"
          ]
        }
      ]
    },
    {
      "mode": "managed",
      "type": "azurerm_network_security_group",
      "name": "nsg01",
      "provider": "provider[\"registry.terraform.io/hashicorp/azurerm\"]",
      "instances": [
        {
          "schema_version": 0,
          "attributes": {
            "id": "/subscriptions/686427d7-6e45-4ada-ba0a-ad476aa81679/resourceGroups/datarisk-group/providers/Microsoft.Network/networkSecurityGroups/nsg-01",
            "location": "eastus2",
            "name": "nsg-01",
            "resource_group_name": "datarisk-group",
            "security_rule": [
              {
                "access": "Allow",
                "description": "",
                "destination_address_prefix": "10.0.1.0/24",
                "destination_address_prefixes": [],
                "destination_application_security_group_ids": [],
                "destination_port_range": "22",
                "destination_port_ranges": [],
                "direction": "Inbound",
                "name": "SSH",
                "priority": 101,
                "protocol": "Tcp",
                "source_address_prefix": "*",
                "source_address_prefixes": [],
                "source_application_security_group_ids": [],
                "source_port_range": "*",
                "source_port_ranges": []
              },
              {
                "access": "Allow",
                "description": "",
                "destination_address_prefix": "10.0.1.0/24",
                "destination_address_prefixes": [],
                "destination_application_security_group_ids": [],
                "destination_port_range": "3389",
                "destination_port_ranges": [],
                "direction": "Inbound",
                "name": "Allow-RDP",
                "priority": 100,
                "protocol": "Tcp",
                "source_address_prefix": "*",
                "source_address_prefixes": [],
                "source_application_security_group_ids": [],
                "source_port_range": "*",
                "source_port_ranges": []
              }
            ],
            "tags": {},
            "timeouts": null
          },
          "sensitive_attributes": [],
          "private": "eyJlMmJmYjczMC1lY2FhLTExZTYtOGY4OC0zNDM2M2JjN2M0YzAiOnsiY3JlYXRlIjoxODAwMDAwMDAwMDAwLCJkZWxldGUiOjE4MDAwMDAwMDAwMDAsInJlYWQiOjMwMDAwMDAwMDAwMCwidXBkYXRlIjoxODAwMDAwMDAwMDAwfX0=",
          "dependencies": [
            "azurerm_resource_group.dkgp"
          ]
        }
      ]
    },
    {
      "mode": "managed",
      "type": "azurerm_public_ip",
      "name": "puip01",
      "provider": "provider[\"registry.terraform.io/hashicorp/azurerm\"]",
      "instances": [
        {
          "schema_version": 0,
          "attributes": {
            "allocation_method": "Static",
            "ddos_protection_mode": "VirtualNetworkInherited",
            "ddos_protection_plan_id": null,
            "domain_name_label": null,
            "edge_zone": "",
            "fqdn": null,
            "id": "/subscriptions/686427d7-6e45-4ada-ba0a-ad476aa81679/resourceGroups/datarisk-group/providers/Microsoft.Network/publicIPAddresses/ip-vm-linux01",
            "idle_timeout_in_minutes": 4,
            "ip_address": "20.65.97.149",
            "ip_tags": {},
            "ip_version": "IPv4",
            "location": "eastus2",
            "name": "ip-vm-linux01",
            "public_ip_prefix_id": null,
            "resource_group_name": "datarisk-group",
            "reverse_fqdn": null,
            "sku": "Basic",
            "sku_tier": "Regional",
            "tags": {},
            "timeouts": null,
            "zones": []
          },
          "sensitive_attributes": [],
          "private": "eyJlMmJmYjczMC1lY2FhLTExZTYtOGY4OC0zNDM2M2JjN2M0YzAiOnsiY3JlYXRlIjoxODAwMDAwMDAwMDAwLCJkZWxldGUiOjE4MDAwMDAwMDAwMDAsInJlYWQiOjMwMDAwMDAwMDAwMCwidXBkYXRlIjoxODAwMDAwMDAwMDAwfX0=",
          "dependencies": [
            "azurerm_resource_group.dkgp"
          ]
        }
      ]
    },
    {
      "mode": "managed",
      "type": "azurerm_resource_group",
      "name": "dkgp",
      "provider": "provider[\"registry.terraform.io/hashicorp/azurerm\"]",
      "instances": [
        {
          "schema_version": 0,
          "attributes": {
            "id": "/subscriptions/686427d7-6e45-4ada-ba0a-ad476aa81679/resourceGroups/datarisk-group",
            "location": "eastus2",
            "managed_by": "",
            "name": "datarisk-group",
            "tags": {},
            "timeouts": null
          },
          "sensitive_attributes": [],
          "private": "eyJlMmJmYjczMC1lY2FhLTExZTYtOGY4OC0zNDM2M2JjN2M0YzAiOnsiY3JlYXRlIjo1NDAwMDAwMDAwMDAwLCJkZWxldGUiOjU0MDAwMDAwMDAwMDAsInJlYWQiOjMwMDAwMDAwMDAwMCwidXBkYXRlIjo1NDAwMDAwMDAwMDAwfX0="
        }
      ]
    },
    {
      "mode": "managed",
      "type": "azurerm_subnet",
      "name": "sub01",
      "provider": "provider[\"registry.terraform.io/hashicorp/azurerm\"]",
      "instances": [
        {
          "schema_version": 0,
          "attributes": {
            "address_prefixes": [
              "10.0.1.0/24"
            ],
            "delegation": [],
            "enforce_private_link_endpoint_network_policies": false,
            "enforce_private_link_service_network_policies": false,
            "id": "/subscriptions/686427d7-6e45-4ada-ba0a-ad476aa81679/resourceGroups/datarisk-group/providers/Microsoft.Network/virtualNetworks/vnet-01/subnets/sub-01",
            "name": "sub-01",
            "private_endpoint_network_policies_enabled": true,
            "private_link_service_network_policies_enabled": true,
            "resource_group_name": "datarisk-group",
            "service_endpoint_policy_ids": [],
            "service_endpoints": [],
            "timeouts": null,
            "virtual_network_name": "vnet-01"
          },
          "sensitive_attributes": [],
          "private": "eyJlMmJmYjczMC1lY2FhLTExZTYtOGY4OC0zNDM2M2JjN2M0YzAiOnsiY3JlYXRlIjoxODAwMDAwMDAwMDAwLCJkZWxldGUiOjE4MDAwMDAwMDAwMDAsInJlYWQiOjMwMDAwMDAwMDAwMCwidXBkYXRlIjoxODAwMDAwMDAwMDAwfX0=",
          "dependencies": [
            "azurerm_resource_group.dkgp",
            "azurerm_virtual_network.vnet01"
          ]
        }
      ]
    },
    {
      "mode": "managed",
      "type": "azurerm_subnet_network_security_group_association",
      "name": "nsg01",
      "provider": "provider[\"registry.terraform.io/hashicorp/azurerm\"]",
      "instances": [
        {
          "schema_version": 0,
          "attributes": {
            "id": "/subscriptions/686427d7-6e45-4ada-ba0a-ad476aa81679/resourceGroups/datarisk-group/providers/Microsoft.Network/virtualNetworks/vnet-01/subnets/sub-01",
            "network_security_group_id": "/subscriptions/686427d7-6e45-4ada-ba0a-ad476aa81679/resourceGroups/datarisk-group/providers/Microsoft.Network/networkSecurityGroups/nsg-01",
            "subnet_id": "/subscriptions/686427d7-6e45-4ada-ba0a-ad476aa81679/resourceGroups/datarisk-group/providers/Microsoft.Network/virtualNetworks/vnet-01/subnets/sub-01",
            "timeouts": null
          },
          "sensitive_attributes": [],
          "private": "eyJlMmJmYjczMC1lY2FhLTExZTYtOGY4OC0zNDM2M2JjN2M0YzAiOnsiY3JlYXRlIjoxODAwMDAwMDAwMDAwLCJkZWxldGUiOjE4MDAwMDAwMDAwMDAsInJlYWQiOjMwMDAwMDAwMDAwMCwidXBkYXRlIjoxODAwMDAwMDAwMDAwfX0=",
          "dependencies": [
            "azurerm_network_security_group.nsg01",
            "azurerm_resource_group.dkgp",
            "azurerm_subnet.sub01",
            "azurerm_virtual_network.vnet01"
          ]
        }
      ]
    },
    {
      "mode": "managed",
      "type": "azurerm_virtual_network",
      "name": "vnet01",
      "provider": "provider[\"registry.terraform.io/hashicorp/azurerm\"]",
      "instances": [
        {
          "schema_version": 0,
          "attributes": {
            "address_space": [
              "10.0.0.0/16"
            ],
            "bgp_community": "",
            "ddos_protection_plan": [],
            "dns_servers": [],
            "edge_zone": "",
            "encryption": [],
            "flow_timeout_in_minutes": 0,
            "guid": "7babb34e-8c22-4bfa-b8dd-1e839536fa3d",
            "id": "/subscriptions/686427d7-6e45-4ada-ba0a-ad476aa81679/resourceGroups/datarisk-group/providers/Microsoft.Network/virtualNetworks/vnet-01",
            "location": "eastus2",
            "name": "vnet-01",
            "resource_group_name": "datarisk-group",
            "subnet": [
              {
                "address_prefix": "10.0.1.0/24",
                "id": "/subscriptions/686427d7-6e45-4ada-ba0a-ad476aa81679/resourceGroups/datarisk-group/providers/Microsoft.Network/virtualNetworks/vnet-01/subnets/sub-01",
                "name": "sub-01",
                "security_group": "/subscriptions/686427d7-6e45-4ada-ba0a-ad476aa81679/resourceGroups/datarisk-group/providers/Microsoft.Network/networkSecurityGroups/nsg-01"
              }
            ],
            "tags": {},
            "timeouts": null
          },
          "sensitive_attributes": [],
          "private": "eyJlMmJmYjczMC1lY2FhLTExZTYtOGY4OC0zNDM2M2JjN2M0YzAiOnsiY3JlYXRlIjoxODAwMDAwMDAwMDAwLCJkZWxldGUiOjE4MDAwMDAwMDAwMDAsInJlYWQiOjMwMDAwMDAwMDAwMCwidXBkYXRlIjoxODAwMDAwMDAwMDAwfX0=",
          "dependencies": [
            "azurerm_resource_group.dkgp"
          ]
        }
      ]
    }
  ],
  "check_results": null
}
