{
  "version": 4,
  "terraform_version": "1.9.5",
  "serial": 12,
  "lineage": "5f24892c-62e0-2d41-84e9-e84c5a0a6797",
  "outputs": {
    "resource_group_name": {
      "value": "data-chal-grn",
      "type": "string"
    },
    "subnet_id": {
      "value": "/subscriptions/44060d5b-e2df-40c6-bfae-8ad6e8fc4f2e/resourceGroups/data-chal-grn/providers/Microsoft.Network/virtualNetworks/data-chal-vnet/subnets/data-chal-subnet",
      "type": "string"
    },
    "virtual_network_name": {
      "value": "data-chal-vnet",
      "type": "string"
    },
    "vm_public_ip": {
      "value": "13.93.153.168",
      "type": "string"
    }
  },
  "resources": [
    {
      "mode": "managed",
      "type": "azurerm_linux_virtual_machine",
      "name": "vm",
      "provider": "provider[\"registry.terraform.io/hashicorp/azurerm\"]",
      "instances": [
        {
          "schema_version": 0,
          "attributes": {
            "additional_capabilities": [],
            "admin_password": null,
            "admin_ssh_key": [
              {
                "public_key": "ssh-rsa AAAAB3NzaC1yc2EAAAADAQABAAACAQDBWkLgbFGyRNbQ9wBvNHfzc76mlA/R9+sTzqFsITyWQCXRsSSZ4KVEw0Hvfl2/hFCZNotBIZEclZTBtXlGYyIa7vYYTZfVmnZBsCyDVz9fBd75BzPWU1NW67k5zEfe8/tD9vimRRSLCRPdzuODxesQh29t0phQHib1v7B0W6sERl8Sqg5GFi48MPynN4z3ro+GnTBqSMlx67F0sRsDUQf6rm57qXret/jpX+W+1jjqjl7qaa8Gnmlj6ATsLRcJ/HWs5sxhxuFT9TRzSbbyGqyAjNasTka17iX3ivS50R2RQnXqweHg5W1Ku4v9tbao9xEZxX5R4+LjIiH1EtEU/887xGZB6IjFTj8gq8xcOpqRrzqh3dbZBONXvGBQcvEZ1Y1s0Hs6N0S4/QtVPWcx+VCZpGWVxJqsULd3jPpp8GGjospsYXNzbGFG2MNs8R2egASt0pQAMrwRCNIFhlacmjtf0u9HTKZxP45AemPwhe0zyCDHlmOc18ScO8w96fL+StESIkXA89nlE15qZSu69dHMmaQ0tS3kyhfuNyDTebsnsm6V59rAGWj0DHj+JpVk+M0QXRgn5Vy9vaBWEzhlbQ5EFvJGMxVfar1Fcug5K11cbLclD9v3XTUMBnfbYoWa//lbyQJXA8TeGK6QqUlWrqJEUiF6wJpZjDgjuC2ymoEZKw== yurilincolnamorim@outlook.com.br\r\n",
                "username": "datauser"
              }
            ],
            "admin_username": "datauser",
            "allow_extension_operations": true,
            "availability_set_id": "",
            "boot_diagnostics": [],
            "bypass_platform_safety_checks_on_user_schedule_enabled": false,
            "capacity_reservation_group_id": "",
            "computer_name": "datapi-vm",
            "custom_data": null,
            "dedicated_host_group_id": "",
            "dedicated_host_id": "",
            "disable_password_authentication": true,
            "disk_controller_type": "",
            "edge_zone": "",
            "encryption_at_host_enabled": false,
            "eviction_policy": "",
            "extensions_time_budget": "PT1H30M",
            "gallery_application": [],
            "id": "/subscriptions/44060d5b-e2df-40c6-bfae-8ad6e8fc4f2e/resourceGroups/data-chal-grn/providers/Microsoft.Compute/virtualMachines/datapi-vm",
            "identity": [],
            "license_type": "",
            "location": "westus",
            "max_bid_price": -1,
            "name": "datapi-vm",
            "network_interface_ids": [
              "/subscriptions/44060d5b-e2df-40c6-bfae-8ad6e8fc4f2e/resourceGroups/data-chal-grn/providers/Microsoft.Network/networkInterfaces/data-chal-vnet-nic"
            ],
            "os_disk": [
              {
                "caching": "ReadWrite",
                "diff_disk_settings": [],
                "disk_encryption_set_id": "",
                "disk_size_gb": 30,
                "name": "datapi-vm_OsDisk_1_d4f278a4004948f89bb111dc1ddbb8c8",
                "secure_vm_disk_encryption_set_id": "",
                "security_encryption_type": "",
                "storage_account_type": "Standard_LRS",
                "write_accelerator_enabled": false
              }
            ],
            "os_image_notification": [],
            "patch_assessment_mode": "ImageDefault",
            "patch_mode": "ImageDefault",
            "plan": [],
            "platform_fault_domain": -1,
            "priority": "Regular",
            "private_ip_address": "10.0.1.4",
            "private_ip_addresses": [
              "10.0.1.4"
            ],
            "provision_vm_agent": true,
            "proximity_placement_group_id": "",
            "public_ip_address": "13.93.153.168",
            "public_ip_addresses": [
              "13.93.153.168"
            ],
            "reboot_setting": "",
            "resource_group_name": "data-chal-grn",
            "secret": [],
            "secure_boot_enabled": false,
            "size": "Standard_F2",
            "source_image_id": "",
            "source_image_reference": [
              {
                "offer": "0001-com-ubuntu-server-jammy",
                "publisher": "Canonical",
                "sku": "22_04-lts",
                "version": "latest"
              }
            ],
            "tags": null,
            "termination_notification": null,
            "timeouts": null,
            "user_data": "",
            "virtual_machine_id": "1d36b1e6-75f8-40a3-95a8-bf32ae8de9c9",
            "virtual_machine_scale_set_id": "",
            "vm_agent_platform_updates_enabled": false,
            "vtpm_enabled": false,
            "zone": ""
          },
          "sensitive_attributes": [
            [
              {
                "type": "get_attr",
                "value": "custom_data"
              }
            ],
            [
              {
                "type": "get_attr",
                "value": "admin_password"
              }
            ]
          ],
          "private": "eyJlMmJmYjczMC1lY2FhLTExZTYtOGY4OC0zNDM2M2JjN2M0YzAiOnsiY3JlYXRlIjoyNzAwMDAwMDAwMDAwLCJkZWxldGUiOjI3MDAwMDAwMDAwMDAsInJlYWQiOjMwMDAwMDAwMDAwMCwidXBkYXRlIjoyNzAwMDAwMDAwMDAwfX0=",
          "dependencies": [
            "azurerm_network_interface.nic",
            "azurerm_public_ip.pip",
            "azurerm_resource_group.grn",
            "azurerm_subnet.subnet",
            "azurerm_virtual_network.vnet"
          ]
        }
      ]
    },
    {
      "mode": "managed",
      "type": "azurerm_network_interface",
      "name": "nic",
      "provider": "provider[\"registry.terraform.io/hashicorp/azurerm\"]",
      "instances": [
        {
          "schema_version": 0,
          "attributes": {
            "accelerated_networking_enabled": false,
            "applied_dns_servers": [],
            "auxiliary_mode": "",
            "auxiliary_sku": "",
            "dns_servers": [],
            "edge_zone": "",
            "id": "/subscriptions/44060d5b-e2df-40c6-bfae-8ad6e8fc4f2e/resourceGroups/data-chal-grn/providers/Microsoft.Network/networkInterfaces/data-chal-vnet-nic",
            "internal_dns_name_label": "",
            "internal_domain_name_suffix": "ui0yctdmgumu1gwvitikvynemd.dx.internal.cloudapp.net",
            "ip_configuration": [
              {
                "gateway_load_balancer_frontend_ip_configuration_id": "",
                "name": "internal",
                "primary": true,
                "private_ip_address": "10.0.1.4",
                "private_ip_address_allocation": "Dynamic",
                "private_ip_address_version": "IPv4",
                "public_ip_address_id": "/subscriptions/44060d5b-e2df-40c6-bfae-8ad6e8fc4f2e/resourceGroups/data-chal-grn/providers/Microsoft.Network/publicIPAddresses/publicip-pip",
                "subnet_id": "/subscriptions/44060d5b-e2df-40c6-bfae-8ad6e8fc4f2e/resourceGroups/data-chal-grn/providers/Microsoft.Network/virtualNetworks/data-chal-vnet/subnets/data-chal-subnet"
              }
            ],
            "ip_forwarding_enabled": false,
            "location": "westus",
            "mac_address": "",
            "name": "data-chal-vnet-nic",
            "private_ip_address": "10.0.1.4",
            "private_ip_addresses": [
              "10.0.1.4"
            ],
            "resource_group_name": "data-chal-grn",
            "tags": {},
            "timeouts": null,
            "virtual_machine_id": ""
          },
          "sensitive_attributes": [],
          "private": "eyJlMmJmYjczMC1lY2FhLTExZTYtOGY4OC0zNDM2M2JjN2M0YzAiOnsiY3JlYXRlIjoxODAwMDAwMDAwMDAwLCJkZWxldGUiOjE4MDAwMDAwMDAwMDAsInJlYWQiOjMwMDAwMDAwMDAwMCwidXBkYXRlIjoxODAwMDAwMDAwMDAwfX0=",
          "dependencies": [
            "azurerm_public_ip.pip",
            "azurerm_resource_group.grn",
            "azurerm_subnet.subnet",
            "azurerm_virtual_network.vnet"
          ]
        }
      ]
    },
    {
      "mode": "managed",
      "type": "azurerm_public_ip",
      "name": "pip",
      "provider": "provider[\"registry.terraform.io/hashicorp/azurerm\"]",
      "instances": [
        {
          "schema_version": 0,
          "attributes": {
            "allocation_method": "Static",
            "ddos_protection_mode": "VirtualNetworkInherited",
            "ddos_protection_plan_id": null,
            "domain_name_label": null,
            "edge_zone": "",
            "fqdn": null,
            "id": "/subscriptions/44060d5b-e2df-40c6-bfae-8ad6e8fc4f2e/resourceGroups/data-chal-grn/providers/Microsoft.Network/publicIPAddresses/publicip-pip",
            "idle_timeout_in_minutes": 4,
            "ip_address": "13.93.153.168",
            "ip_tags": {},
            "ip_version": "IPv4",
            "location": "westus",
            "name": "publicip-pip",
            "public_ip_prefix_id": null,
            "resource_group_name": "data-chal-grn",
            "reverse_fqdn": null,
            "sku": "Standard",
            "sku_tier": "Regional",
            "tags": {},
            "timeouts": null,
            "zones": []
          },
          "sensitive_attributes": [],
          "private": "eyJlMmJmYjczMC1lY2FhLTExZTYtOGY4OC0zNDM2M2JjN2M0YzAiOnsiY3JlYXRlIjoxODAwMDAwMDAwMDAwLCJkZWxldGUiOjE4MDAwMDAwMDAwMDAsInJlYWQiOjMwMDAwMDAwMDAwMCwidXBkYXRlIjoxODAwMDAwMDAwMDAwfX0=",
          "dependencies": [
            "azurerm_resource_group.grn"
          ]
        }
      ]
    },
    {
      "mode": "managed",
      "type": "azurerm_resource_group",
      "name": "grn",
      "provider": "provider[\"registry.terraform.io/hashicorp/azurerm\"]",
      "instances": [
        {
          "schema_version": 0,
          "attributes": {
            "id": "/subscriptions/44060d5b-e2df-40c6-bfae-8ad6e8fc4f2e/resourceGroups/data-chal-grn",
            "location": "westus",
            "managed_by": "",
            "name": "data-chal-grn",
            "tags": {},
            "timeouts": null
          },
          "sensitive_attributes": [],
          "private": "eyJlMmJmYjczMC1lY2FhLTExZTYtOGY4OC0zNDM2M2JjN2M0YzAiOnsiY3JlYXRlIjo1NDAwMDAwMDAwMDAwLCJkZWxldGUiOjU0MDAwMDAwMDAwMDAsInJlYWQiOjMwMDAwMDAwMDAwMCwidXBkYXRlIjo1NDAwMDAwMDAwMDAwfX0="
        }
      ]
    },
    {
      "mode": "managed",
      "type": "azurerm_subnet",
      "name": "subnet",
      "provider": "provider[\"registry.terraform.io/hashicorp/azurerm\"]",
      "instances": [
        {
          "schema_version": 0,
          "attributes": {
            "address_prefixes": [
              "10.0.1.0/24"
            ],
            "default_outbound_access_enabled": true,
            "delegation": [],
            "id": "/subscriptions/44060d5b-e2df-40c6-bfae-8ad6e8fc4f2e/resourceGroups/data-chal-grn/providers/Microsoft.Network/virtualNetworks/data-chal-vnet/subnets/data-chal-subnet",
            "name": "data-chal-subnet",
            "private_endpoint_network_policies": "Disabled",
            "private_link_service_network_policies_enabled": true,
            "resource_group_name": "data-chal-grn",
            "service_endpoint_policy_ids": [],
            "service_endpoints": [],
            "timeouts": null,
            "virtual_network_name": "data-chal-vnet"
          },
          "sensitive_attributes": [],
          "private": "eyJlMmJmYjczMC1lY2FhLTExZTYtOGY4OC0zNDM2M2JjN2M0YzAiOnsiY3JlYXRlIjoxODAwMDAwMDAwMDAwLCJkZWxldGUiOjE4MDAwMDAwMDAwMDAsInJlYWQiOjMwMDAwMDAwMDAwMCwidXBkYXRlIjoxODAwMDAwMDAwMDAwfX0=",
          "dependencies": [
            "azurerm_resource_group.grn",
            "azurerm_virtual_network.vnet"
          ]
        }
      ]
    },
    {
      "mode": "managed",
      "type": "azurerm_virtual_network",
      "name": "vnet",
      "provider": "provider[\"registry.terraform.io/hashicorp/azurerm\"]",
      "instances": [
        {
          "schema_version": 0,
          "attributes": {
            "address_space": [
              "10.0.0.0/16"
            ],
            "bgp_community": "",
            "ddos_protection_plan": [],
            "dns_servers": [],
            "edge_zone": "",
            "encryption": [],
            "flow_timeout_in_minutes": 0,
            "guid": "4c8135a2-356c-4d19-9ad5-44d0aae1a463",
            "id": "/subscriptions/44060d5b-e2df-40c6-bfae-8ad6e8fc4f2e/resourceGroups/data-chal-grn/providers/Microsoft.Network/virtualNetworks/data-chal-vnet",
            "location": "westus",
            "name": "data-chal-vnet",
            "resource_group_name": "data-chal-grn",
            "subnet": [
              {
                "address_prefixes": [
                  "10.0.1.0/24"
                ],
                "default_outbound_access_enabled": true,
                "delegation": [],
                "id": "/subscriptions/44060d5b-e2df-40c6-bfae-8ad6e8fc4f2e/resourceGroups/data-chal-grn/providers/Microsoft.Network/virtualNetworks/data-chal-vnet/subnets/data-chal-subnet",
                "name": "data-chal-subnet",
                "private_endpoint_network_policies": "Disabled",
                "private_link_service_network_policies_enabled": true,
                "route_table_id": "",
                "security_group": "",
                "service_endpoint_policy_ids": [],
                "service_endpoints": []
              }
            ],
            "tags": {},
            "timeouts": null
          },
          "sensitive_attributes": [],
          "private": "eyJlMmJmYjczMC1lY2FhLTExZTYtOGY4OC0zNDM2M2JjN2M0YzAiOnsiY3JlYXRlIjoxODAwMDAwMDAwMDAwLCJkZWxldGUiOjE4MDAwMDAwMDAwMDAsInJlYWQiOjMwMDAwMDAwMDAwMCwidXBkYXRlIjoxODAwMDAwMDAwMDAwfX0=",
          "dependencies": [
            "azurerm_resource_group.grn"
          ]
        }
      ]
    }
  ],
  "check_results": null
}
